Microsoft Visual Studio Solution File, Format Version 11.00
# Visual Studio 2010
Project("{8BC9CEB8-8B4A-11D0-8D11-00A0C91BC942}") = "blitz", "blitz\blitz.vcxproj", "{39609200-9C2F-4EF2-9CC7-671B119D5554}"
EndProject
Project("{8BC9CEB8-8B4A-11D0-8D11-00A0C91BC942}") = "ABA1", "Blitz-Testsuite\ABA1\ABA1.vcxproj", "{9EFD500E-EF73-4B21-B5FB-6D662A195632}"
EndProject
Project("{8BC9CEB8-8B4A-11D0-8D11-00A0C91BC942}") = "ABA2", "Blitz-Testsuite\ABA2\ABA2.vcxproj", "{055B785D-B226-49F2-8157-2EE4702E72DC}"
EndProject
Project("{8BC9CEB8-8B4A-11D0-8D11-00A0C91BC942}") = "arrayresize", "Blitz-Testsuite\arrayresize\arrayresize.vcxproj", "{A507DABB-1CCC-42CC-8C47-5A673FD32792}"
EndProject
Project("{8BC9CEB8-8B4A-11D0-8D11-00A0C91BC942}") = "CJ1", "Blitz-Testsuite\CJ1\CJ1.vcxproj", "{493311C9-2A7F-42F8-9131-FC5D58551283}"
EndProject
Project("{8BC9CEB8-8B4A-11D0-8D11-00A0C91BC942}") = "CJ2", "Blitz-Testsuite\CJ2\CJ2.vcxproj", "{6D01B730-8AAB-4D69-B96F-874638692051}"
EndProject
Project("{8BC9CEB8-8B4A-11D0-8D11-00A0C91BC942}") = "CJ3", "Blitz-Testsuite\CJ3\CJ3.vcxproj", "{CB652C8A-66E4-4C77-9F83-294BE765F1CA}"
EndProject
Project("{8BC9CEB8-8B4A-11D0-8D11-00A0C91BC942}") = "complex", "Blitz-Testsuite\complex\complex.vcxproj", "{6F7FD2B2-7391-415A-84F8-F8555247D30A}"
EndProject
Project("{8BC9CEB8-8B4A-11D0-8D11-00A0C91BC942}") = "constarray", "Blitz-Testsuite\constarray\constarray.vcxproj", "{21DAC006-FAC2-4476-9CEA-0DC959BE6F95}"
EndProject
Project("{8BC9CEB8-8B4A-11D0-8D11-00A0C91BC942}") = "contiguous", "Blitz-Testsuite\contiguous\contiguous.vcxproj", "{C28CB838-B2A3-48B4-A269-616E780F2F9C}"
EndProject
Project("{8BC9CEB8-8B4A-11D0-8D11-00A0C91BC942}") = "copy", "Blitz-Testsuite\copy\copy.vcxproj", "{B1ACB038-E5FD-4B9E-A892-66CB18D8A842}"
EndProject
Project("{8BC9CEB8-8B4A-11D0-8D11-00A0C91BC942}") = "ctors", "Blitz-Testsuite\ctors\ctors.vcxproj", "{E7C7C38A-4942-4B2D-949F-BF13B099EE2B}"
EndProject
Project("{8BC9CEB8-8B4A-11D0-8D11-00A0C91BC942}") = "DB1", "Blitz-Testsuite\DB1\DB1.vcxproj", "{3BC42981-78B2-4E0A-B976-F94392302681}"
EndProject
Project("{8BC9CEB8-8B4A-11D0-8D11-00A0C91BC942}") = "DB3", "Blitz-Testsuite\DB3\DB3.vcxproj", "{B934D322-347F-492C-AA26-C185D63CDF46}"
EndProject
Project("{8BC9CEB8-8B4A-11D0-8D11-00A0C91BC942}") = "exprctor", "Blitz-Testsuite\exprctor\exprctor.vcxproj", "{8903C438-4058-4E81-85FC-B130AE0219BE}"
EndProject
Project("{8BC9CEB8-8B4A-11D0-8D11-00A0C91BC942}") = "extract", "Blitz-Testsuite\extract\extract.vcxproj", "{19503FF8-2605-4E17-BB8B-4939D14C8325}"
EndProject
Project("{8BC9CEB8-8B4A-11D0-8D11-00A0C91BC942}") = "free", "Blitz-Testsuite\free\free.vcxproj", "{635EF4DB-984C-4D64-9621-78824C20FB31}"
EndProject
Project("{8BC9CEB8-8B4A-11D0-8D11-00A0C91BC942}") = "GH1", "Blitz-Testsuite\GH1\GH1.vcxproj", "{2186E43C-C4CB-4F61-AAC6-E1361D3962A7}"
EndProject
Project("{8BC9CEB8-8B4A-11D0-8D11-00A0C91BC942}") = "initialize", "Blitz-Testsuite\initialize\initialize.vcxproj", "{F382CA4B-C366-47B1-921D-DB8F01E17DAA}"
EndProject
Project("{8BC9CEB8-8B4A-11D0-8D11-00A0C91BC942}") = "interlace", "Blitz-Testsuite\interlace\interlace.vcxproj", "{2BF2B14B-4DC9-4EB8-BCCA-46808F141FEF}"
EndProject
Project("{8BC9CEB8-8B4A-11D0-8D11-00A0C91BC942}") = "iter", "Blitz-Testsuite\iter\iter.vcxproj", "{282449F6-5E08-4B32-9754-D36364A611CF}"
EndProject
Project("{8BC9CEB8-8B4A-11D0-8D11-00A0C91BC942}") = "JW", "Blitz-Testsuite\JW\JW.vcxproj", "{A2E22DEB-13C9-4D63-A9A1-98ED3954BFFE}"
EndProject
Project("{8BC9CEB8-8B4A-11D0-8D11-00A0C91BC942}") = "loop1", "Blitz-Testsuite\loop1\loop1.vcxproj", "{20BE1E99-602B-4920-954D-68A07AD73FBA}"
EndProject
Project("{8BC9CEB8-8B4A-11D0-8D11-00A0C91BC942}") = "minmax", "Blitz-Testsuite\minmax\minmax.vcxproj", "{CD0715B2-6FEA-44B1-BE6B-2B66F4CE0C68}"
EndProject
Project("{8BC9CEB8-8B4A-11D0-8D11-00A0C91BC942}") = "minsumpow", "Blitz-Testsuite\minsumpow\minsumpow.vcxproj", "{080FF059-B5C6-46B2-8968-7D5DC26E0C30}"
EndProject
Project("{8BC9CEB8-8B4A-11D0-8D11-00A0C91BC942}") = "ML1", "Blitz-Testsuite\ML1\ML1.vcxproj", "{F95DE8FF-681A-4ACE-BC37-018005B7C18F}"
EndProject
Project("{8BC9CEB8-8B4A-11D0-8D11-00A0C91BC942}") = "modules", "Blitz-Testsuite\modules\modules.vcxproj", "{A9D7C297-829D-4833-A9E9-EDDB6BE1D250}"
EndProject
Project("{8BC9CEB8-8B4A-11D0-8D11-00A0C91BC942}") = "MT1", "Blitz-Testsuite\MT1\MT1.vcxproj", "{F7E827BC-FD03-4D66-AC33-B8954E738992}"
EndProject
Project("{8BC9CEB8-8B4A-11D0-8D11-00A0C91BC942}") = "MT2", "Blitz-Testsuite\MT2\MT2.vcxproj", "{57C7DD2B-8382-4400-99A1-280465782180}"
EndProject
Project("{8BC9CEB8-8B4A-11D0-8D11-00A0C91BC942}") = "newet", "Blitz-Testsuite\newet\newet.vcxproj", "{2C0897D4-C001-4C4E-BCD7-6C394D9ABBE6}"
EndProject
Project("{8BC9CEB8-8B4A-11D0-8D11-00A0C91BC942}") = "OR1", "Blitz-Testsuite\OR1\OR1.vcxproj", "{382647E4-69EB-4BD3-8842-D3D5400F1365}"
EndProject
Project("{8BC9CEB8-8B4A-11D0-8D11-00A0C91BC942}") = "PB1", "Blitz-Testsuite\PB1\PB1.vcxproj", "{F5EF0BF0-A085-4802-8D5D-F67784D769B0}"
EndProject
Project("{8BC9CEB8-8B4A-11D0-8D11-00A0C91BC942}") = "PB2", "Blitz-Testsuite\PB2\PB2.vcxproj", "{09CE9CB2-8A36-4209-BF3A-AB5384D0666D}"
EndProject
Project("{8BC9CEB8-8B4A-11D0-8D11-00A0C91BC942}") = "PB3", "Blitz-Testsuite\PB3\PB3.vcxproj", "{DB4F9787-C5E7-469B-8F0C-03F13AB7E8E4}"
EndProject
Project("{8BC9CEB8-8B4A-11D0-8D11-00A0C91BC942}") = "PB4", "Blitz-Testsuite\PB4\PB4.vcxproj", "{317DC8C1-5C15-47B6-8A8C-B88DB85172F3}"
EndProject
Project("{8BC9CEB8-8B4A-11D0-8D11-00A0C91BC942}") = "PB5", "Blitz-Testsuite\PB5\PB5.vcxproj", "{32763606-5F89-4D72-9630-5EA22DD153D1}"
EndProject
Project("{8BC9CEB8-8B4A-11D0-8D11-00A0C91BC942}") = "PN1", "Blitz-Testsuite\PN1\PN1.vcxproj", "{F221AC3E-E9AD-480A-9B5F-6FCB4201B1A8}"
EndProject
Project("{8BC9CEB8-8B4A-11D0-8D11-00A0C91BC942}") = "PN2", "Blitz-Testsuite\PN2\PN2.vcxproj", "{F97808BA-A5DE-46DC-BF55-2A8FBCD16F67}"
EndProject
Project("{8BC9CEB8-8B4A-11D0-8D11-00A0C91BC942}") = "PN3", "Blitz-Testsuite\PN3\PN3.vcxproj", "{620C7360-3D80-4205-8819-7E61645DA38D}"
EndProject
Project("{8BC9CEB8-8B4A-11D0-8D11-00A0C91BC942}") = "promote", "Blitz-Testsuite\promote\promote.vcxproj", "{2A8D764B-BFBE-479C-8BCD-94212AFE0247}"
EndProject
Project("{8BC9CEB8-8B4A-11D0-8D11-00A0C91BC942}") = "qcd", "Blitz-Testsuite\qcd\qcd.vcxproj", "{C73CB30F-EA2E-4C67-A4E5-AB5B7BE8D7CA}"
EndProject
Project("{8BC9CEB8-8B4A-11D0-8D11-00A0C91BC942}") = "reduce", "Blitz-Testsuite\reduce\reduce.vcxproj", "{100BB283-0D7F-41A8-8C22-3C253528C5D5}"
EndProject
Project("{8BC9CEB8-8B4A-11D0-8D11-00A0C91BC942}") = "reindex", "Blitz-Testsuite\reindex\reindex.vcxproj", "{7D311D47-69BA-4642-9CD2-F9C8D2FDA94C}"
EndProject
Project("{8BC9CEB8-8B4A-11D0-8D11-00A0C91BC942}") = "reverse", "Blitz-Testsuite\reverse\reverse.vcxproj", "{13D7125E-47DA-40DD-B148-13EA9170D8FF}"
EndProject
Project("{8BC9CEB8-8B4A-11D0-8D11-00A0C91BC942}") = "shape", "Blitz-Testsuite\shape\shape.vcxproj", "{B22B410C-2FD7-46B4-8084-BB00402C1DFC}"
EndProject
Project("{8BC9CEB8-8B4A-11D0-8D11-00A0C91BC942}") = "shapecheck", "Blitz-Testsuite\shapecheck\shapecheck.vcxproj", "{121519E3-0CBD-4FC1-8684-562B1654F731}"
EndProject
Project("{8BC9CEB8-8B4A-11D0-8D11-00A0C91BC942}") = "storage", "Blitz-Testsuite\storage\storage.vcxproj", "{234BA4F4-E68A-4E16-90DC-6ED477D9C08E}"
EndProject
Project("{8BC9CEB8-8B4A-11D0-8D11-00A0C91BC942}") = "TG", "Blitz-Testsuite\TG\TG.vcxproj", "{A8C41E52-A20D-45A2-B73E-62770D73654A}"
EndProject
Project("{8BC9CEB8-8B4A-11D0-8D11-00A0C91BC942}") = "tinymat", "Blitz-Testsuite\tinymat\tinymat.vcxproj", "{3C4FA937-DE6A-46DC-B48B-0BBE4F72C645}"
EndProject
Project("{8BC9CEB8-8B4A-11D0-8D11-00A0C91BC942}") = "tinyvec", "Blitz-Testsuite\tinyvec\tinyvec.vcxproj", "{CBDC385D-2F89-4FC0-AEF8-6371C0781488}"
EndProject
Project("{8BC9CEB8-8B4A-11D0-8D11-00A0C91BC942}") = "TP1", "Blitz-Testsuite\TP1\TP1.vcxproj", "{3681AA66-8EBB-4B0A-9ADF-908C3BF872F7}"
EndProject
Project("{8BC9CEB8-8B4A-11D0-8D11-00A0C91BC942}") = "transpose", "Blitz-Testsuite\transpose\transpose.vcxproj", "{1A8B24A0-71C9-428E-A798-F94506FA9B95}"
EndProject
Project("{8BC9CEB8-8B4A-11D0-8D11-00A0C91BC942}") = "UM1", "Blitz-Testsuite\UM1\UM1.vcxproj", "{2CD3BB05-6622-4592-9B10-08296EB617A8}"
EndProject
Project("{8BC9CEB8-8B4A-11D0-8D11-00A0C91BC942}") = "where", "Blitz-Testsuite\where\where.vcxproj", "{75522368-AD32-4B66-AE32-F78D24B79229}"
EndProject
Project("{8BC9CEB8-8B4A-11D0-8D11-00A0C91BC942}") = "WK1", "Blitz-Testsuite\WK1\WK1.vcxproj", "{B1BFCBCC-9B46-488B-94A0-0F972EAF238F}"
EndProject
Global
	GlobalSection(SolutionConfigurationPlatforms) = preSolution
		Debug|Win32 = Debug|Win32
		Debug|x64 = Debug|x64
		Release|Win32 = Release|Win32
		Release|x64 = Release|x64
	EndGlobalSection
	GlobalSection(ProjectConfigurationPlatforms) = postSolution
		{39609200-9C2F-4EF2-9CC7-671B119D5554}.Debug|Win32.ActiveCfg = Debug|Win32
		{39609200-9C2F-4EF2-9CC7-671B119D5554}.Debug|Win32.Build.0 = Debug|Win32
		{39609200-9C2F-4EF2-9CC7-671B119D5554}.Debug|x64.ActiveCfg = Debug|x64
		{39609200-9C2F-4EF2-9CC7-671B119D5554}.Debug|x64.Build.0 = Debug|x64
		{39609200-9C2F-4EF2-9CC7-671B119D5554}.Release|Win32.ActiveCfg = Release|Win32
		{39609200-9C2F-4EF2-9CC7-671B119D5554}.Release|Win32.Build.0 = Release|Win32
		{39609200-9C2F-4EF2-9CC7-671B119D5554}.Release|x64.ActiveCfg = Release|x64
		{39609200-9C2F-4EF2-9CC7-671B119D5554}.Release|x64.Build.0 = Release|x64
		{9EFD500E-EF73-4B21-B5FB-6D662A195632}.Debug|Win32.ActiveCfg = Debug|Win32
		{9EFD500E-EF73-4B21-B5FB-6D662A195632}.Debug|Win32.Build.0 = Debug|Win32
		{9EFD500E-EF73-4B21-B5FB-6D662A195632}.Debug|x64.ActiveCfg = Debug|x64
		{9EFD500E-EF73-4B21-B5FB-6D662A195632}.Debug|x64.Build.0 = Debug|x64
		{9EFD500E-EF73-4B21-B5FB-6D662A195632}.Release|Win32.ActiveCfg = Release|Win32
		{9EFD500E-EF73-4B21-B5FB-6D662A195632}.Release|Win32.Build.0 = Release|Win32
		{9EFD500E-EF73-4B21-B5FB-6D662A195632}.Release|x64.ActiveCfg = Release|x64
		{9EFD500E-EF73-4B21-B5FB-6D662A195632}.Release|x64.Build.0 = Release|x64
		{055B785D-B226-49F2-8157-2EE4702E72DC}.Debug|Win32.ActiveCfg = Debug|Win32
		{055B785D-B226-49F2-8157-2EE4702E72DC}.Debug|Win32.Build.0 = Debug|Win32
		{055B785D-B226-49F2-8157-2EE4702E72DC}.Debug|x64.ActiveCfg = Debug|x64
		{055B785D-B226-49F2-8157-2EE4702E72DC}.Debug|x64.Build.0 = Debug|x64
		{055B785D-B226-49F2-8157-2EE4702E72DC}.Release|Win32.ActiveCfg = Release|Win32
		{055B785D-B226-49F2-8157-2EE4702E72DC}.Release|Win32.Build.0 = Release|Win32
		{055B785D-B226-49F2-8157-2EE4702E72DC}.Release|x64.ActiveCfg = Release|x64
		{055B785D-B226-49F2-8157-2EE4702E72DC}.Release|x64.Build.0 = Release|x64
		{A507DABB-1CCC-42CC-8C47-5A673FD32792}.Debug|Win32.ActiveCfg = Debug|Win32
		{A507DABB-1CCC-42CC-8C47-5A673FD32792}.Debug|Win32.Build.0 = Debug|Win32
		{A507DABB-1CCC-42CC-8C47-5A673FD32792}.Debug|x64.ActiveCfg = Debug|x64
		{A507DABB-1CCC-42CC-8C47-5A673FD32792}.Debug|x64.Build.0 = Debug|x64
		{A507DABB-1CCC-42CC-8C47-5A673FD32792}.Release|Win32.ActiveCfg = Release|Win32
		{A507DABB-1CCC-42CC-8C47-5A673FD32792}.Release|Win32.Build.0 = Release|Win32
		{A507DABB-1CCC-42CC-8C47-5A673FD32792}.Release|x64.ActiveCfg = Release|x64
		{A507DABB-1CCC-42CC-8C47-5A673FD32792}.Release|x64.Build.0 = Release|x64
		{493311C9-2A7F-42F8-9131-FC5D58551283}.Debug|Win32.ActiveCfg = Debug|Win32
		{493311C9-2A7F-42F8-9131-FC5D58551283}.Debug|Win32.Build.0 = Debug|Win32
		{493311C9-2A7F-42F8-9131-FC5D58551283}.Debug|x64.ActiveCfg = Debug|x64
		{493311C9-2A7F-42F8-9131-FC5D58551283}.Debug|x64.Build.0 = Debug|x64
		{493311C9-2A7F-42F8-9131-FC5D58551283}.Release|Win32.ActiveCfg = Release|Win32
		{493311C9-2A7F-42F8-9131-FC5D58551283}.Release|Win32.Build.0 = Release|Win32
		{493311C9-2A7F-42F8-9131-FC5D58551283}.Release|x64.ActiveCfg = Release|x64
		{493311C9-2A7F-42F8-9131-FC5D58551283}.Release|x64.Build.0 = Release|x64
		{6D01B730-8AAB-4D69-B96F-874638692051}.Debug|Win32.ActiveCfg = Debug|Win32
		{6D01B730-8AAB-4D69-B96F-874638692051}.Debug|Win32.Build.0 = Debug|Win32
		{6D01B730-8AAB-4D69-B96F-874638692051}.Debug|x64.ActiveCfg = Debug|x64
		{6D01B730-8AAB-4D69-B96F-874638692051}.Debug|x64.Build.0 = Debug|x64
		{6D01B730-8AAB-4D69-B96F-874638692051}.Release|Win32.ActiveCfg = Release|Win32
		{6D01B730-8AAB-4D69-B96F-874638692051}.Release|Win32.Build.0 = Release|Win32
		{6D01B730-8AAB-4D69-B96F-874638692051}.Release|x64.ActiveCfg = Release|x64
		{6D01B730-8AAB-4D69-B96F-874638692051}.Release|x64.Build.0 = Release|x64
		{CB652C8A-66E4-4C77-9F83-294BE765F1CA}.Debug|Win32.ActiveCfg = Debug|Win32
		{CB652C8A-66E4-4C77-9F83-294BE765F1CA}.Debug|Win32.Build.0 = Debug|Win32
		{CB652C8A-66E4-4C77-9F83-294BE765F1CA}.Debug|x64.ActiveCfg = Debug|x64
		{CB652C8A-66E4-4C77-9F83-294BE765F1CA}.Debug|x64.Build.0 = Debug|x64
		{CB652C8A-66E4-4C77-9F83-294BE765F1CA}.Release|Win32.ActiveCfg = Release|Win32
		{CB652C8A-66E4-4C77-9F83-294BE765F1CA}.Release|Win32.Build.0 = Release|Win32
		{CB652C8A-66E4-4C77-9F83-294BE765F1CA}.Release|x64.ActiveCfg = Release|x64
		{CB652C8A-66E4-4C77-9F83-294BE765F1CA}.Release|x64.Build.0 = Release|x64
		{6F7FD2B2-7391-415A-84F8-F8555247D30A}.Debug|Win32.ActiveCfg = Debug|Win32
		{6F7FD2B2-7391-415A-84F8-F8555247D30A}.Debug|Win32.Build.0 = Debug|Win32
		{6F7FD2B2-7391-415A-84F8-F8555247D30A}.Debug|x64.ActiveCfg = Debug|x64
		{6F7FD2B2-7391-415A-84F8-F8555247D30A}.Debug|x64.Build.0 = Debug|x64
		{6F7FD2B2-7391-415A-84F8-F8555247D30A}.Release|Win32.ActiveCfg = Release|Win32
		{6F7FD2B2-7391-415A-84F8-F8555247D30A}.Release|Win32.Build.0 = Release|Win32
		{6F7FD2B2-7391-415A-84F8-F8555247D30A}.Release|x64.ActiveCfg = Release|x64
		{6F7FD2B2-7391-415A-84F8-F8555247D30A}.Release|x64.Build.0 = Release|x64
		{21DAC006-FAC2-4476-9CEA-0DC959BE6F95}.Debug|Win32.ActiveCfg = Debug|Win32
		{21DAC006-FAC2-4476-9CEA-0DC959BE6F95}.Debug|Win32.Build.0 = Debug|Win32
		{21DAC006-FAC2-4476-9CEA-0DC959BE6F95}.Debug|x64.ActiveCfg = Debug|x64
		{21DAC006-FAC2-4476-9CEA-0DC959BE6F95}.Debug|x64.Build.0 = Debug|x64
		{21DAC006-FAC2-4476-9CEA-0DC959BE6F95}.Release|Win32.ActiveCfg = Release|Win32
		{21DAC006-FAC2-4476-9CEA-0DC959BE6F95}.Release|Win32.Build.0 = Release|Win32
		{21DAC006-FAC2-4476-9CEA-0DC959BE6F95}.Release|x64.ActiveCfg = Release|x64
		{21DAC006-FAC2-4476-9CEA-0DC959BE6F95}.Release|x64.Build.0 = Release|x64
		{C28CB838-B2A3-48B4-A269-616E780F2F9C}.Debug|Win32.ActiveCfg = Debug|Win32
		{C28CB838-B2A3-48B4-A269-616E780F2F9C}.Debug|Win32.Build.0 = Debug|Win32
		{C28CB838-B2A3-48B4-A269-616E780F2F9C}.Debug|x64.ActiveCfg = Debug|x64
		{C28CB838-B2A3-48B4-A269-616E780F2F9C}.Debug|x64.Build.0 = Debug|x64
		{C28CB838-B2A3-48B4-A269-616E780F2F9C}.Release|Win32.ActiveCfg = Release|Win32
		{C28CB838-B2A3-48B4-A269-616E780F2F9C}.Release|Win32.Build.0 = Release|Win32
		{C28CB838-B2A3-48B4-A269-616E780F2F9C}.Release|x64.ActiveCfg = Release|x64
		{C28CB838-B2A3-48B4-A269-616E780F2F9C}.Release|x64.Build.0 = Release|x64
		{B1ACB038-E5FD-4B9E-A892-66CB18D8A842}.Debug|Win32.ActiveCfg = Debug|Win32
		{B1ACB038-E5FD-4B9E-A892-66CB18D8A842}.Debug|Win32.Build.0 = Debug|Win32
		{B1ACB038-E5FD-4B9E-A892-66CB18D8A842}.Debug|x64.ActiveCfg = Debug|x64
		{B1ACB038-E5FD-4B9E-A892-66CB18D8A842}.Debug|x64.Build.0 = Debug|x64
		{B1ACB038-E5FD-4B9E-A892-66CB18D8A842}.Release|Win32.ActiveCfg = Release|Win32
		{B1ACB038-E5FD-4B9E-A892-66CB18D8A842}.Release|Win32.Build.0 = Release|Win32
		{B1ACB038-E5FD-4B9E-A892-66CB18D8A842}.Release|x64.ActiveCfg = Release|x64
		{B1ACB038-E5FD-4B9E-A892-66CB18D8A842}.Release|x64.Build.0 = Release|x64
		{E7C7C38A-4942-4B2D-949F-BF13B099EE2B}.Debug|Win32.ActiveCfg = Debug|Win32
		{E7C7C38A-4942-4B2D-949F-BF13B099EE2B}.Debug|Win32.Build.0 = Debug|Win32
		{E7C7C38A-4942-4B2D-949F-BF13B099EE2B}.Debug|x64.ActiveCfg = Debug|x64
		{E7C7C38A-4942-4B2D-949F-BF13B099EE2B}.Debug|x64.Build.0 = Debug|x64
		{E7C7C38A-4942-4B2D-949F-BF13B099EE2B}.Release|Win32.ActiveCfg = Release|Win32
		{E7C7C38A-4942-4B2D-949F-BF13B099EE2B}.Release|Win32.Build.0 = Release|Win32
		{E7C7C38A-4942-4B2D-949F-BF13B099EE2B}.Release|x64.ActiveCfg = Release|x64
		{E7C7C38A-4942-4B2D-949F-BF13B099EE2B}.Release|x64.Build.0 = Release|x64
		{3BC42981-78B2-4E0A-B976-F94392302681}.Debug|Win32.ActiveCfg = Debug|Win32
		{3BC42981-78B2-4E0A-B976-F94392302681}.Debug|Win32.Build.0 = Debug|Win32
		{3BC42981-78B2-4E0A-B976-F94392302681}.Debug|x64.ActiveCfg = Debug|x64
		{3BC42981-78B2-4E0A-B976-F94392302681}.Debug|x64.Build.0 = Debug|x64
		{3BC42981-78B2-4E0A-B976-F94392302681}.Release|Win32.ActiveCfg = Release|Win32
		{3BC42981-78B2-4E0A-B976-F94392302681}.Release|Win32.Build.0 = Release|Win32
		{3BC42981-78B2-4E0A-B976-F94392302681}.Release|x64.ActiveCfg = Release|x64
		{3BC42981-78B2-4E0A-B976-F94392302681}.Release|x64.Build.0 = Release|x64
		{B934D322-347F-492C-AA26-C185D63CDF46}.Debug|Win32.ActiveCfg = Debug|Win32
		{B934D322-347F-492C-AA26-C185D63CDF46}.Debug|Win32.Build.0 = Debug|Win32
		{B934D322-347F-492C-AA26-C185D63CDF46}.Debug|x64.ActiveCfg = Debug|x64
		{B934D322-347F-492C-AA26-C185D63CDF46}.Debug|x64.Build.0 = Debug|x64
		{B934D322-347F-492C-AA26-C185D63CDF46}.Release|Win32.ActiveCfg = Release|Win32
		{B934D322-347F-492C-AA26-C185D63CDF46}.Release|Win32.Build.0 = Release|Win32
		{B934D322-347F-492C-AA26-C185D63CDF46}.Release|x64.ActiveCfg = Release|x64
		{B934D322-347F-492C-AA26-C185D63CDF46}.Release|x64.Build.0 = Release|x64
		{8903C438-4058-4E81-85FC-B130AE0219BE}.Debug|Win32.ActiveCfg = Debug|Win32
		{8903C438-4058-4E81-85FC-B130AE0219BE}.Debug|Win32.Build.0 = Debug|Win32
		{8903C438-4058-4E81-85FC-B130AE0219BE}.Debug|x64.ActiveCfg = Debug|x64
		{8903C438-4058-4E81-85FC-B130AE0219BE}.Debug|x64.Build.0 = Debug|x64
		{8903C438-4058-4E81-85FC-B130AE0219BE}.Release|Win32.ActiveCfg = Release|Win32
		{8903C438-4058-4E81-85FC-B130AE0219BE}.Release|Win32.Build.0 = Release|Win32
		{8903C438-4058-4E81-85FC-B130AE0219BE}.Release|x64.ActiveCfg = Release|x64
		{8903C438-4058-4E81-85FC-B130AE0219BE}.Release|x64.Build.0 = Release|x64
		{19503FF8-2605-4E17-BB8B-4939D14C8325}.Debug|Win32.ActiveCfg = Debug|Win32
		{19503FF8-2605-4E17-BB8B-4939D14C8325}.Debug|Win32.Build.0 = Debug|Win32
		{19503FF8-2605-4E17-BB8B-4939D14C8325}.Debug|x64.ActiveCfg = Debug|x64
		{19503FF8-2605-4E17-BB8B-4939D14C8325}.Debug|x64.Build.0 = Debug|x64
		{19503FF8-2605-4E17-BB8B-4939D14C8325}.Release|Win32.ActiveCfg = Release|Win32
		{19503FF8-2605-4E17-BB8B-4939D14C8325}.Release|Win32.Build.0 = Release|Win32
		{19503FF8-2605-4E17-BB8B-4939D14C8325}.Release|x64.ActiveCfg = Release|x64
		{19503FF8-2605-4E17-BB8B-4939D14C8325}.Release|x64.Build.0 = Release|x64
		{635EF4DB-984C-4D64-9621-78824C20FB31}.Debug|Win32.ActiveCfg = Debug|Win32
		{635EF4DB-984C-4D64-9621-78824C20FB31}.Debug|Win32.Build.0 = Debug|Win32
		{635EF4DB-984C-4D64-9621-78824C20FB31}.Debug|x64.ActiveCfg = Debug|x64
		{635EF4DB-984C-4D64-9621-78824C20FB31}.Debug|x64.Build.0 = Debug|x64
		{635EF4DB-984C-4D64-9621-78824C20FB31}.Release|Win32.ActiveCfg = Release|Win32
		{635EF4DB-984C-4D64-9621-78824C20FB31}.Release|Win32.Build.0 = Release|Win32
		{635EF4DB-984C-4D64-9621-78824C20FB31}.Release|x64.ActiveCfg = Release|x64
		{635EF4DB-984C-4D64-9621-78824C20FB31}.Release|x64.Build.0 = Release|x64
		{2186E43C-C4CB-4F61-AAC6-E1361D3962A7}.Debug|Win32.ActiveCfg = Debug|Win32
		{2186E43C-C4CB-4F61-AAC6-E1361D3962A7}.Debug|Win32.Build.0 = Debug|Win32
		{2186E43C-C4CB-4F61-AAC6-E1361D3962A7}.Debug|x64.ActiveCfg = Debug|x64
		{2186E43C-C4CB-4F61-AAC6-E1361D3962A7}.Debug|x64.Build.0 = Debug|x64
		{2186E43C-C4CB-4F61-AAC6-E1361D3962A7}.Release|Win32.ActiveCfg = Release|Win32
		{2186E43C-C4CB-4F61-AAC6-E1361D3962A7}.Release|Win32.Build.0 = Release|Win32
		{2186E43C-C4CB-4F61-AAC6-E1361D3962A7}.Release|x64.ActiveCfg = Release|x64
		{2186E43C-C4CB-4F61-AAC6-E1361D3962A7}.Release|x64.Build.0 = Release|x64
		{F382CA4B-C366-47B1-921D-DB8F01E17DAA}.Debug|Win32.ActiveCfg = Debug|Win32
		{F382CA4B-C366-47B1-921D-DB8F01E17DAA}.Debug|Win32.Build.0 = Debug|Win32
		{F382CA4B-C366-47B1-921D-DB8F01E17DAA}.Debug|x64.ActiveCfg = Debug|x64
		{F382CA4B-C366-47B1-921D-DB8F01E17DAA}.Debug|x64.Build.0 = Debug|x64
		{F382CA4B-C366-47B1-921D-DB8F01E17DAA}.Release|Win32.ActiveCfg = Release|Win32
		{F382CA4B-C366-47B1-921D-DB8F01E17DAA}.Release|Win32.Build.0 = Release|Win32
		{F382CA4B-C366-47B1-921D-DB8F01E17DAA}.Release|x64.ActiveCfg = Release|x64
		{F382CA4B-C366-47B1-921D-DB8F01E17DAA}.Release|x64.Build.0 = Release|x64
		{2BF2B14B-4DC9-4EB8-BCCA-46808F141FEF}.Debug|Win32.ActiveCfg = Debug|Win32
		{2BF2B14B-4DC9-4EB8-BCCA-46808F141FEF}.Debug|Win32.Build.0 = Debug|Win32
		{2BF2B14B-4DC9-4EB8-BCCA-46808F141FEF}.Debug|x64.ActiveCfg = Debug|x64
		{2BF2B14B-4DC9-4EB8-BCCA-46808F141FEF}.Debug|x64.Build.0 = Debug|x64
		{2BF2B14B-4DC9-4EB8-BCCA-46808F141FEF}.Release|Win32.ActiveCfg = Release|Win32
		{2BF2B14B-4DC9-4EB8-BCCA-46808F141FEF}.Release|Win32.Build.0 = Release|Win32
		{2BF2B14B-4DC9-4EB8-BCCA-46808F141FEF}.Release|x64.ActiveCfg = Release|x64
		{2BF2B14B-4DC9-4EB8-BCCA-46808F141FEF}.Release|x64.Build.0 = Release|x64
		{282449F6-5E08-4B32-9754-D36364A611CF}.Debug|Win32.ActiveCfg = Debug|Win32
		{282449F6-5E08-4B32-9754-D36364A611CF}.Debug|Win32.Build.0 = Debug|Win32
		{282449F6-5E08-4B32-9754-D36364A611CF}.Debug|x64.ActiveCfg = Debug|x64
		{282449F6-5E08-4B32-9754-D36364A611CF}.Debug|x64.Build.0 = Debug|x64
		{282449F6-5E08-4B32-9754-D36364A611CF}.Release|Win32.ActiveCfg = Release|Win32
		{282449F6-5E08-4B32-9754-D36364A611CF}.Release|Win32.Build.0 = Release|Win32
		{282449F6-5E08-4B32-9754-D36364A611CF}.Release|x64.ActiveCfg = Release|x64
		{282449F6-5E08-4B32-9754-D36364A611CF}.Release|x64.Build.0 = Release|x64
		{A2E22DEB-13C9-4D63-A9A1-98ED3954BFFE}.Debug|Win32.ActiveCfg = Debug|Win32
		{A2E22DEB-13C9-4D63-A9A1-98ED3954BFFE}.Debug|Win32.Build.0 = Debug|Win32
		{A2E22DEB-13C9-4D63-A9A1-98ED3954BFFE}.Debug|x64.ActiveCfg = Debug|x64
		{A2E22DEB-13C9-4D63-A9A1-98ED3954BFFE}.Debug|x64.Build.0 = Debug|x64
		{A2E22DEB-13C9-4D63-A9A1-98ED3954BFFE}.Release|Win32.ActiveCfg = Release|Win32
		{A2E22DEB-13C9-4D63-A9A1-98ED3954BFFE}.Release|Win32.Build.0 = Release|Win32
		{A2E22DEB-13C9-4D63-A9A1-98ED3954BFFE}.Release|x64.ActiveCfg = Release|x64
		{A2E22DEB-13C9-4D63-A9A1-98ED3954BFFE}.Release|x64.Build.0 = Release|x64
		{20BE1E99-602B-4920-954D-68A07AD73FBA}.Debug|Win32.ActiveCfg = Debug|Win32
		{20BE1E99-602B-4920-954D-68A07AD73FBA}.Debug|Win32.Build.0 = Debug|Win32
		{20BE1E99-602B-4920-954D-68A07AD73FBA}.Debug|x64.ActiveCfg = Debug|x64
		{20BE1E99-602B-4920-954D-68A07AD73FBA}.Debug|x64.Build.0 = Debug|x64
		{20BE1E99-602B-4920-954D-68A07AD73FBA}.Release|Win32.ActiveCfg = Release|Win32
		{20BE1E99-602B-4920-954D-68A07AD73FBA}.Release|Win32.Build.0 = Release|Win32
		{20BE1E99-602B-4920-954D-68A07AD73FBA}.Release|x64.ActiveCfg = Release|x64
		{20BE1E99-602B-4920-954D-68A07AD73FBA}.Release|x64.Build.0 = Release|x64
		{CD0715B2-6FEA-44B1-BE6B-2B66F4CE0C68}.Debug|Win32.ActiveCfg = Debug|Win32
		{CD0715B2-6FEA-44B1-BE6B-2B66F4CE0C68}.Debug|Win32.Build.0 = Debug|Win32
		{CD0715B2-6FEA-44B1-BE6B-2B66F4CE0C68}.Debug|x64.ActiveCfg = Debug|x64
		{CD0715B2-6FEA-44B1-BE6B-2B66F4CE0C68}.Debug|x64.Build.0 = Debug|x64
		{CD0715B2-6FEA-44B1-BE6B-2B66F4CE0C68}.Release|Win32.ActiveCfg = Release|Win32
		{CD0715B2-6FEA-44B1-BE6B-2B66F4CE0C68}.Release|Win32.Build.0 = Release|Win32
		{CD0715B2-6FEA-44B1-BE6B-2B66F4CE0C68}.Release|x64.ActiveCfg = Release|x64
		{CD0715B2-6FEA-44B1-BE6B-2B66F4CE0C68}.Release|x64.Build.0 = Release|x64
		{080FF059-B5C6-46B2-8968-7D5DC26E0C30}.Debug|Win32.ActiveCfg = Debug|Win32
		{080FF059-B5C6-46B2-8968-7D5DC26E0C30}.Debug|Win32.Build.0 = Debug|Win32
		{080FF059-B5C6-46B2-8968-7D5DC26E0C30}.Debug|x64.ActiveCfg = Debug|x64
		{080FF059-B5C6-46B2-8968-7D5DC26E0C30}.Debug|x64.Build.0 = Debug|x64
		{080FF059-B5C6-46B2-8968-7D5DC26E0C30}.Release|Win32.ActiveCfg = Release|Win32
		{080FF059-B5C6-46B2-8968-7D5DC26E0C30}.Release|Win32.Build.0 = Release|Win32
		{080FF059-B5C6-46B2-8968-7D5DC26E0C30}.Release|x64.ActiveCfg = Release|x64
		{080FF059-B5C6-46B2-8968-7D5DC26E0C30}.Release|x64.Build.0 = Release|x64
		{F95DE8FF-681A-4ACE-BC37-018005B7C18F}.Debug|Win32.ActiveCfg = Debug|Win32
		{F95DE8FF-681A-4ACE-BC37-018005B7C18F}.Debug|Win32.Build.0 = Debug|Win32
		{F95DE8FF-681A-4ACE-BC37-018005B7C18F}.Debug|x64.ActiveCfg = Debug|x64
		{F95DE8FF-681A-4ACE-BC37-018005B7C18F}.Debug|x64.Build.0 = Debug|x64
		{F95DE8FF-681A-4ACE-BC37-018005B7C18F}.Release|Win32.ActiveCfg = Release|Win32
		{F95DE8FF-681A-4ACE-BC37-018005B7C18F}.Release|Win32.Build.0 = Release|Win32
		{F95DE8FF-681A-4ACE-BC37-018005B7C18F}.Release|x64.ActiveCfg = Release|x64
		{F95DE8FF-681A-4ACE-BC37-018005B7C18F}.Release|x64.Build.0 = Release|x64
		{A9D7C297-829D-4833-A9E9-EDDB6BE1D250}.Debug|Win32.ActiveCfg = Debug|Win32
		{A9D7C297-829D-4833-A9E9-EDDB6BE1D250}.Debug|Win32.Build.0 = Debug|Win32
		{A9D7C297-829D-4833-A9E9-EDDB6BE1D250}.Debug|x64.ActiveCfg = Debug|x64
		{A9D7C297-829D-4833-A9E9-EDDB6BE1D250}.Debug|x64.Build.0 = Debug|x64
		{A9D7C297-829D-4833-A9E9-EDDB6BE1D250}.Release|Win32.ActiveCfg = Release|Win32
		{A9D7C297-829D-4833-A9E9-EDDB6BE1D250}.Release|Win32.Build.0 = Release|Win32
		{A9D7C297-829D-4833-A9E9-EDDB6BE1D250}.Release|x64.ActiveCfg = Release|x64
		{A9D7C297-829D-4833-A9E9-EDDB6BE1D250}.Release|x64.Build.0 = Release|x64
		{F7E827BC-FD03-4D66-AC33-B8954E738992}.Debug|Win32.ActiveCfg = Debug|Win32
		{F7E827BC-FD03-4D66-AC33-B8954E738992}.Debug|Win32.Build.0 = Debug|Win32
		{F7E827BC-FD03-4D66-AC33-B8954E738992}.Debug|x64.ActiveCfg = Debug|x64
		{F7E827BC-FD03-4D66-AC33-B8954E738992}.Debug|x64.Build.0 = Debug|x64
		{F7E827BC-FD03-4D66-AC33-B8954E738992}.Release|Win32.ActiveCfg = Release|Win32
		{F7E827BC-FD03-4D66-AC33-B8954E738992}.Release|Win32.Build.0 = Release|Win32
		{F7E827BC-FD03-4D66-AC33-B8954E738992}.Release|x64.ActiveCfg = Release|x64
		{F7E827BC-FD03-4D66-AC33-B8954E738992}.Release|x64.Build.0 = Release|x64
		{57C7DD2B-8382-4400-99A1-280465782180}.Debug|Win32.ActiveCfg = Debug|Win32
		{57C7DD2B-8382-4400-99A1-280465782180}.Debug|Win32.Build.0 = Debug|Win32
		{57C7DD2B-8382-4400-99A1-280465782180}.Debug|x64.ActiveCfg = Debug|x64
		{57C7DD2B-8382-4400-99A1-280465782180}.Debug|x64.Build.0 = Debug|x64
		{57C7DD2B-8382-4400-99A1-280465782180}.Release|Win32.ActiveCfg = Release|Win32
		{57C7DD2B-8382-4400-99A1-280465782180}.Release|Win32.Build.0 = Release|Win32
		{57C7DD2B-8382-4400-99A1-280465782180}.Release|x64.ActiveCfg = Release|x64
		{57C7DD2B-8382-4400-99A1-280465782180}.Release|x64.Build.0 = Release|x64
		{2C0897D4-C001-4C4E-BCD7-6C394D9ABBE6}.Debug|Win32.ActiveCfg = Debug|Win32
		{2C0897D4-C001-4C4E-BCD7-6C394D9ABBE6}.Debug|Win32.Build.0 = Debug|Win32
		{2C0897D4-C001-4C4E-BCD7-6C394D9ABBE6}.Debug|x64.ActiveCfg = Debug|x64
		{2C0897D4-C001-4C4E-BCD7-6C394D9ABBE6}.Debug|x64.Build.0 = Debug|x64
		{2C0897D4-C001-4C4E-BCD7-6C394D9ABBE6}.Release|Win32.ActiveCfg = Release|Win32
		{2C0897D4-C001-4C4E-BCD7-6C394D9ABBE6}.Release|Win32.Build.0 = Release|Win32
		{2C0897D4-C001-4C4E-BCD7-6C394D9ABBE6}.Release|x64.ActiveCfg = Release|x64
		{2C0897D4-C001-4C4E-BCD7-6C394D9ABBE6}.Release|x64.Build.0 = Release|x64
		{382647E4-69EB-4BD3-8842-D3D5400F1365}.Debug|Win32.ActiveCfg = Debug|Win32
		{382647E4-69EB-4BD3-8842-D3D5400F1365}.Debug|Win32.Build.0 = Debug|Win32
		{382647E4-69EB-4BD3-8842-D3D5400F1365}.Debug|x64.ActiveCfg = Debug|x64
		{382647E4-69EB-4BD3-8842-D3D5400F1365}.Debug|x64.Build.0 = Debug|x64
		{382647E4-69EB-4BD3-8842-D3D5400F1365}.Release|Win32.ActiveCfg = Release|Win32
		{382647E4-69EB-4BD3-8842-D3D5400F1365}.Release|Win32.Build.0 = Release|Win32
		{382647E4-69EB-4BD3-8842-D3D5400F1365}.Release|x64.ActiveCfg = Release|x64
		{382647E4-69EB-4BD3-8842-D3D5400F1365}.Release|x64.Build.0 = Release|x64
		{F5EF0BF0-A085-4802-8D5D-F67784D769B0}.Debug|Win32.ActiveCfg = Debug|Win32
		{F5EF0BF0-A085-4802-8D5D-F67784D769B0}.Debug|Win32.Build.0 = Debug|Win32
		{F5EF0BF0-A085-4802-8D5D-F67784D769B0}.Debug|x64.ActiveCfg = Debug|x64
		{F5EF0BF0-A085-4802-8D5D-F67784D769B0}.Debug|x64.Build.0 = Debug|x64
		{F5EF0BF0-A085-4802-8D5D-F67784D769B0}.Release|Win32.ActiveCfg = Release|Win32
		{F5EF0BF0-A085-4802-8D5D-F67784D769B0}.Release|Win32.Build.0 = Release|Win32
		{F5EF0BF0-A085-4802-8D5D-F67784D769B0}.Release|x64.ActiveCfg = Release|x64
		{F5EF0BF0-A085-4802-8D5D-F67784D769B0}.Release|x64.Build.0 = Release|x64
		{09CE9CB2-8A36-4209-BF3A-AB5384D0666D}.Debug|Win32.ActiveCfg = Debug|Win32
		{09CE9CB2-8A36-4209-BF3A-AB5384D0666D}.Debug|Win32.Build.0 = Debug|Win32
		{09CE9CB2-8A36-4209-BF3A-AB5384D0666D}.Debug|x64.ActiveCfg = Debug|x64
		{09CE9CB2-8A36-4209-BF3A-AB5384D0666D}.Debug|x64.Build.0 = Debug|x64
		{09CE9CB2-8A36-4209-BF3A-AB5384D0666D}.Release|Win32.ActiveCfg = Release|Win32
		{09CE9CB2-8A36-4209-BF3A-AB5384D0666D}.Release|Win32.Build.0 = Release|Win32
		{09CE9CB2-8A36-4209-BF3A-AB5384D0666D}.Release|x64.ActiveCfg = Release|x64
		{09CE9CB2-8A36-4209-BF3A-AB5384D0666D}.Release|x64.Build.0 = Release|x64
		{DB4F9787-C5E7-469B-8F0C-03F13AB7E8E4}.Debug|Win32.ActiveCfg = Debug|Win32
		{DB4F9787-C5E7-469B-8F0C-03F13AB7E8E4}.Debug|Win32.Build.0 = Debug|Win32
		{DB4F9787-C5E7-469B-8F0C-03F13AB7E8E4}.Debug|x64.ActiveCfg = Debug|x64
		{DB4F9787-C5E7-469B-8F0C-03F13AB7E8E4}.Debug|x64.Build.0 = Debug|x64
		{DB4F9787-C5E7-469B-8F0C-03F13AB7E8E4}.Release|Win32.ActiveCfg = Release|Win32
		{DB4F9787-C5E7-469B-8F0C-03F13AB7E8E4}.Release|Win32.Build.0 = Release|Win32
		{DB4F9787-C5E7-469B-8F0C-03F13AB7E8E4}.Release|x64.ActiveCfg = Release|x64
		{DB4F9787-C5E7-469B-8F0C-03F13AB7E8E4}.Release|x64.Build.0 = Release|x64
		{317DC8C1-5C15-47B6-8A8C-B88DB85172F3}.Debug|Win32.ActiveCfg = Debug|Win32
		{317DC8C1-5C15-47B6-8A8C-B88DB85172F3}.Debug|Win32.Build.0 = Debug|Win32
		{317DC8C1-5C15-47B6-8A8C-B88DB85172F3}.Debug|x64.ActiveCfg = Debug|x64
		{317DC8C1-5C15-47B6-8A8C-B88DB85172F3}.Debug|x64.Build.0 = Debug|x64
		{317DC8C1-5C15-47B6-8A8C-B88DB85172F3}.Release|Win32.ActiveCfg = Release|Win32
		{317DC8C1-5C15-47B6-8A8C-B88DB85172F3}.Release|Win32.Build.0 = Release|Win32
		{317DC8C1-5C15-47B6-8A8C-B88DB85172F3}.Release|x64.ActiveCfg = Release|x64
		{317DC8C1-5C15-47B6-8A8C-B88DB85172F3}.Release|x64.Build.0 = Release|x64
		{32763606-5F89-4D72-9630-5EA22DD153D1}.Debug|Win32.ActiveCfg = Debug|Win32
		{32763606-5F89-4D72-9630-5EA22DD153D1}.Debug|Win32.Build.0 = Debug|Win32
		{32763606-5F89-4D72-9630-5EA22DD153D1}.Debug|x64.ActiveCfg = Debug|x64
		{32763606-5F89-4D72-9630-5EA22DD153D1}.Debug|x64.Build.0 = Debug|x64
		{32763606-5F89-4D72-9630-5EA22DD153D1}.Release|Win32.ActiveCfg = Release|Win32
		{32763606-5F89-4D72-9630-5EA22DD153D1}.Release|Win32.Build.0 = Release|Win32
		{32763606-5F89-4D72-9630-5EA22DD153D1}.Release|x64.ActiveCfg = Release|x64
		{32763606-5F89-4D72-9630-5EA22DD153D1}.Release|x64.Build.0 = Release|x64
		{F221AC3E-E9AD-480A-9B5F-6FCB4201B1A8}.Debug|Win32.ActiveCfg = Debug|Win32
		{F221AC3E-E9AD-480A-9B5F-6FCB4201B1A8}.Debug|Win32.Build.0 = Debug|Win32
		{F221AC3E-E9AD-480A-9B5F-6FCB4201B1A8}.Debug|x64.ActiveCfg = Debug|x64
		{F221AC3E-E9AD-480A-9B5F-6FCB4201B1A8}.Debug|x64.Build.0 = Debug|x64
		{F221AC3E-E9AD-480A-9B5F-6FCB4201B1A8}.Release|Win32.ActiveCfg = Release|Win32
		{F221AC3E-E9AD-480A-9B5F-6FCB4201B1A8}.Release|Win32.Build.0 = Release|Win32
		{F221AC3E-E9AD-480A-9B5F-6FCB4201B1A8}.Release|x64.ActiveCfg = Release|x64
		{F221AC3E-E9AD-480A-9B5F-6FCB4201B1A8}.Release|x64.Build.0 = Release|x64
		{F97808BA-A5DE-46DC-BF55-2A8FBCD16F67}.Debug|Win32.ActiveCfg = Debug|Win32
		{F97808BA-A5DE-46DC-BF55-2A8FBCD16F67}.Debug|Win32.Build.0 = Debug|Win32
		{F97808BA-A5DE-46DC-BF55-2A8FBCD16F67}.Debug|x64.ActiveCfg = Debug|x64
		{F97808BA-A5DE-46DC-BF55-2A8FBCD16F67}.Debug|x64.Build.0 = Debug|x64
		{F97808BA-A5DE-46DC-BF55-2A8FBCD16F67}.Release|Win32.ActiveCfg = Release|Win32
		{F97808BA-A5DE-46DC-BF55-2A8FBCD16F67}.Release|Win32.Build.0 = Release|Win32
		{F97808BA-A5DE-46DC-BF55-2A8FBCD16F67}.Release|x64.ActiveCfg = Release|x64
		{F97808BA-A5DE-46DC-BF55-2A8FBCD16F67}.Release|x64.Build.0 = Release|x64
		{620C7360-3D80-4205-8819-7E61645DA38D}.Debug|Win32.ActiveCfg = Debug|Win32
		{620C7360-3D80-4205-8819-7E61645DA38D}.Debug|Win32.Build.0 = Debug|Win32
		{620C7360-3D80-4205-8819-7E61645DA38D}.Debug|x64.ActiveCfg = Debug|x64
		{620C7360-3D80-4205-8819-7E61645DA38D}.Debug|x64.Build.0 = Debug|x64
		{620C7360-3D80-4205-8819-7E61645DA38D}.Release|Win32.ActiveCfg = Release|Win32
		{620C7360-3D80-4205-8819-7E61645DA38D}.Release|Win32.Build.0 = Release|Win32
		{620C7360-3D80-4205-8819-7E61645DA38D}.Release|x64.ActiveCfg = Release|x64
		{620C7360-3D80-4205-8819-7E61645DA38D}.Release|x64.Build.0 = Release|x64
		{2A8D764B-BFBE-479C-8BCD-94212AFE0247}.Debug|Win32.ActiveCfg = Debug|Win32
		{2A8D764B-BFBE-479C-8BCD-94212AFE0247}.Debug|Win32.Build.0 = Debug|Win32
		{2A8D764B-BFBE-479C-8BCD-94212AFE0247}.Debug|x64.ActiveCfg = Debug|x64
		{2A8D764B-BFBE-479C-8BCD-94212AFE0247}.Debug|x64.Build.0 = Debug|x64
		{2A8D764B-BFBE-479C-8BCD-94212AFE0247}.Release|Win32.ActiveCfg = Release|Win32
		{2A8D764B-BFBE-479C-8BCD-94212AFE0247}.Release|Win32.Build.0 = Release|Win32
		{2A8D764B-BFBE-479C-8BCD-94212AFE0247}.Release|x64.ActiveCfg = Release|x64
		{2A8D764B-BFBE-479C-8BCD-94212AFE0247}.Release|x64.Build.0 = Release|x64
		{C73CB30F-EA2E-4C67-A4E5-AB5B7BE8D7CA}.Debug|Win32.ActiveCfg = Debug|Win32
		{C73CB30F-EA2E-4C67-A4E5-AB5B7BE8D7CA}.Debug|Win32.Build.0 = Debug|Win32
		{C73CB30F-EA2E-4C67-A4E5-AB5B7BE8D7CA}.Debug|x64.ActiveCfg = Debug|x64
		{C73CB30F-EA2E-4C67-A4E5-AB5B7BE8D7CA}.Debug|x64.Build.0 = Debug|x64
		{C73CB30F-EA2E-4C67-A4E5-AB5B7BE8D7CA}.Release|Win32.ActiveCfg = Release|Win32
		{C73CB30F-EA2E-4C67-A4E5-AB5B7BE8D7CA}.Release|Win32.Build.0 = Release|Win32
		{C73CB30F-EA2E-4C67-A4E5-AB5B7BE8D7CA}.Release|x64.ActiveCfg = Release|x64
		{C73CB30F-EA2E-4C67-A4E5-AB5B7BE8D7CA}.Release|x64.Build.0 = Release|x64
		{100BB283-0D7F-41A8-8C22-3C253528C5D5}.Debug|Win32.ActiveCfg = Debug|Win32
		{100BB283-0D7F-41A8-8C22-3C253528C5D5}.Debug|Win32.Build.0 = Debug|Win32
		{100BB283-0D7F-41A8-8C22-3C253528C5D5}.Debug|x64.ActiveCfg = Debug|x64
		{100BB283-0D7F-41A8-8C22-3C253528C5D5}.Debug|x64.Build.0 = Debug|x64
		{100BB283-0D7F-41A8-8C22-3C253528C5D5}.Release|Win32.ActiveCfg = Release|Win32
		{100BB283-0D7F-41A8-8C22-3C253528C5D5}.Release|Win32.Build.0 = Release|Win32
		{100BB283-0D7F-41A8-8C22-3C253528C5D5}.Release|x64.ActiveCfg = Release|x64
		{100BB283-0D7F-41A8-8C22-3C253528C5D5}.Release|x64.Build.0 = Release|x64
		{7D311D47-69BA-4642-9CD2-F9C8D2FDA94C}.Debug|Win32.ActiveCfg = Debug|Win32
		{7D311D47-69BA-4642-9CD2-F9C8D2FDA94C}.Debug|Win32.Build.0 = Debug|Win32
		{7D311D47-69BA-4642-9CD2-F9C8D2FDA94C}.Debug|x64.ActiveCfg = Debug|x64
		{7D311D47-69BA-4642-9CD2-F9C8D2FDA94C}.Debug|x64.Build.0 = Debug|x64
		{7D311D47-69BA-4642-9CD2-F9C8D2FDA94C}.Release|Win32.ActiveCfg = Release|Win32
		{7D311D47-69BA-4642-9CD2-F9C8D2FDA94C}.Release|Win32.Build.0 = Release|Win32
		{7D311D47-69BA-4642-9CD2-F9C8D2FDA94C}.Release|x64.ActiveCfg = Release|x64
		{7D311D47-69BA-4642-9CD2-F9C8D2FDA94C}.Release|x64.Build.0 = Release|x64
		{13D7125E-47DA-40DD-B148-13EA9170D8FF}.Debug|Win32.ActiveCfg = Debug|Win32
		{13D7125E-47DA-40DD-B148-13EA9170D8FF}.Debug|Win32.Build.0 = Debug|Win32
		{13D7125E-47DA-40DD-B148-13EA9170D8FF}.Debug|x64.ActiveCfg = Debug|x64
		{13D7125E-47DA-40DD-B148-13EA9170D8FF}.Debug|x64.Build.0 = Debug|x64
		{13D7125E-47DA-40DD-B148-13EA9170D8FF}.Release|Win32.ActiveCfg = Release|Win32
		{13D7125E-47DA-40DD-B148-13EA9170D8FF}.Release|Win32.Build.0 = Release|Win32
		{13D7125E-47DA-40DD-B148-13EA9170D8FF}.Release|x64.ActiveCfg = Release|x64
		{13D7125E-47DA-40DD-B148-13EA9170D8FF}.Release|x64.Build.0 = Release|x64
		{B22B410C-2FD7-46B4-8084-BB00402C1DFC}.Debug|Win32.ActiveCfg = Debug|Win32
		{B22B410C-2FD7-46B4-8084-BB00402C1DFC}.Debug|Win32.Build.0 = Debug|Win32
		{B22B410C-2FD7-46B4-8084-BB00402C1DFC}.Debug|x64.ActiveCfg = Debug|x64
		{B22B410C-2FD7-46B4-8084-BB00402C1DFC}.Debug|x64.Build.0 = Debug|x64
		{B22B410C-2FD7-46B4-8084-BB00402C1DFC}.Release|Win32.ActiveCfg = Release|Win32
		{B22B410C-2FD7-46B4-8084-BB00402C1DFC}.Release|Win32.Build.0 = Release|Win32
		{B22B410C-2FD7-46B4-8084-BB00402C1DFC}.Release|x64.ActiveCfg = Release|x64
		{B22B410C-2FD7-46B4-8084-BB00402C1DFC}.Release|x64.Build.0 = Release|x64
		{121519E3-0CBD-4FC1-8684-562B1654F731}.Debug|Win32.ActiveCfg = Debug|Win32
		{121519E3-0CBD-4FC1-8684-562B1654F731}.Debug|Win32.Build.0 = Debug|Win32
		{121519E3-0CBD-4FC1-8684-562B1654F731}.Debug|x64.ActiveCfg = Debug|x64
		{121519E3-0CBD-4FC1-8684-562B1654F731}.Debug|x64.Build.0 = Debug|x64
		{121519E3-0CBD-4FC1-8684-562B1654F731}.Release|Win32.ActiveCfg = Release|Win32
		{121519E3-0CBD-4FC1-8684-562B1654F731}.Release|Win32.Build.0 = Release|Win32
		{121519E3-0CBD-4FC1-8684-562B1654F731}.Release|x64.ActiveCfg = Release|x64
		{121519E3-0CBD-4FC1-8684-562B1654F731}.Release|x64.Build.0 = Release|x64
		{234BA4F4-E68A-4E16-90DC-6ED477D9C08E}.Debug|Win32.ActiveCfg = Debug|Win32
		{234BA4F4-E68A-4E16-90DC-6ED477D9C08E}.Debug|Win32.Build.0 = Debug|Win32
		{234BA4F4-E68A-4E16-90DC-6ED477D9C08E}.Debug|x64.ActiveCfg = Debug|x64
		{234BA4F4-E68A-4E16-90DC-6ED477D9C08E}.Debug|x64.Build.0 = Debug|x64
		{234BA4F4-E68A-4E16-90DC-6ED477D9C08E}.Release|Win32.ActiveCfg = Release|Win32
		{234BA4F4-E68A-4E16-90DC-6ED477D9C08E}.Release|Win32.Build.0 = Release|Win32
		{234BA4F4-E68A-4E16-90DC-6ED477D9C08E}.Release|x64.ActiveCfg = Release|x64
		{234BA4F4-E68A-4E16-90DC-6ED477D9C08E}.Release|x64.Build.0 = Release|x64
		{A8C41E52-A20D-45A2-B73E-62770D73654A}.Debug|Win32.ActiveCfg = Debug|Win32
		{A8C41E52-A20D-45A2-B73E-62770D73654A}.Debug|Win32.Build.0 = Debug|Win32
		{A8C41E52-A20D-45A2-B73E-62770D73654A}.Debug|x64.ActiveCfg = Debug|x64
		{A8C41E52-A20D-45A2-B73E-62770D73654A}.Debug|x64.Build.0 = Debug|x64
		{A8C41E52-A20D-45A2-B73E-62770D73654A}.Release|Win32.ActiveCfg = Release|Win32
		{A8C41E52-A20D-45A2-B73E-62770D73654A}.Release|Win32.Build.0 = Release|Win32
		{A8C41E52-A20D-45A2-B73E-62770D73654A}.Release|x64.ActiveCfg = Release|x64
		{A8C41E52-A20D-45A2-B73E-62770D73654A}.Release|x64.Build.0 = Release|x64
		{3C4FA937-DE6A-46DC-B48B-0BBE4F72C645}.Debug|Win32.ActiveCfg = Debug|Win32
		{3C4FA937-DE6A-46DC-B48B-0BBE4F72C645}.Debug|Win32.Build.0 = Debug|Win32
		{3C4FA937-DE6A-46DC-B48B-0BBE4F72C645}.Debug|x64.ActiveCfg = Debug|x64
		{3C4FA937-DE6A-46DC-B48B-0BBE4F72C645}.Debug|x64.Build.0 = Debug|x64
		{3C4FA937-DE6A-46DC-B48B-0BBE4F72C645}.Release|Win32.ActiveCfg = Release|Win32
		{3C4FA937-DE6A-46DC-B48B-0BBE4F72C645}.Release|Win32.Build.0 = Release|Win32
		{3C4FA937-DE6A-46DC-B48B-0BBE4F72C645}.Release|x64.ActiveCfg = Release|x64
		{3C4FA937-DE6A-46DC-B48B-0BBE4F72C645}.Release|x64.Build.0 = Release|x64
		{CBDC385D-2F89-4FC0-AEF8-6371C0781488}.Debug|Win32.ActiveCfg = Debug|Win32
		{CBDC385D-2F89-4FC0-AEF8-6371C0781488}.Debug|Win32.Build.0 = Debug|Win32
		{CBDC385D-2F89-4FC0-AEF8-6371C0781488}.Debug|x64.ActiveCfg = Debug|x64
		{CBDC385D-2F89-4FC0-AEF8-6371C0781488}.Debug|x64.Build.0 = Debug|x64
		{CBDC385D-2F89-4FC0-AEF8-6371C0781488}.Release|Win32.ActiveCfg = Release|Win32
		{CBDC385D-2F89-4FC0-AEF8-6371C0781488}.Release|Win32.Build.0 = Release|Win32
		{CBDC385D-2F89-4FC0-AEF8-6371C0781488}.Release|x64.ActiveCfg = Release|x64
		{CBDC385D-2F89-4FC0-AEF8-6371C0781488}.Release|x64.Build.0 = Release|x64
		{3681AA66-8EBB-4B0A-9ADF-908C3BF872F7}.Debug|Win32.ActiveCfg = Debug|Win32
		{3681AA66-8EBB-4B0A-9ADF-908C3BF872F7}.Debug|Win32.Build.0 = Debug|Win32
		{3681AA66-8EBB-4B0A-9ADF-908C3BF872F7}.Debug|x64.ActiveCfg = Debug|x64
		{3681AA66-8EBB-4B0A-9ADF-908C3BF872F7}.Debug|x64.Build.0 = Debug|x64
		{3681AA66-8EBB-4B0A-9ADF-908C3BF872F7}.Release|Win32.ActiveCfg = Release|Win32
		{3681AA66-8EBB-4B0A-9ADF-908C3BF872F7}.Release|Win32.Build.0 = Release|Win32
		{3681AA66-8EBB-4B0A-9ADF-908C3BF872F7}.Release|x64.ActiveCfg = Release|x64
		{3681AA66-8EBB-4B0A-9ADF-908C3BF872F7}.Release|x64.Build.0 = Release|x64
		{1A8B24A0-71C9-428E-A798-F94506FA9B95}.Debug|Win32.ActiveCfg = Debug|Win32
		{1A8B24A0-71C9-428E-A798-F94506FA9B95}.Debug|Win32.Build.0 = Debug|Win32
		{1A8B24A0-71C9-428E-A798-F94506FA9B95}.Debug|x64.ActiveCfg = Debug|x64
		{1A8B24A0-71C9-428E-A798-F94506FA9B95}.Debug|x64.Build.0 = Debug|x64
		{1A8B24A0-71C9-428E-A798-F94506FA9B95}.Release|Win32.ActiveCfg = Release|Win32
		{1A8B24A0-71C9-428E-A798-F94506FA9B95}.Release|Win32.Build.0 = Release|Win32
		{1A8B24A0-71C9-428E-A798-F94506FA9B95}.Release|x64.ActiveCfg = Release|x64
		{1A8B24A0-71C9-428E-A798-F94506FA9B95}.Release|x64.Build.0 = Release|x64
		{2CD3BB05-6622-4592-9B10-08296EB617A8}.Debug|Win32.ActiveCfg = Debug|Win32
		{2CD3BB05-6622-4592-9B10-08296EB617A8}.Debug|Win32.Build.0 = Debug|Win32
		{2CD3BB05-6622-4592-9B10-08296EB617A8}.Debug|x64.ActiveCfg = Debug|x64
		{2CD3BB05-6622-4592-9B10-08296EB617A8}.Debug|x64.Build.0 = Debug|x64
		{2CD3BB05-6622-4592-9B10-08296EB617A8}.Release|Win32.ActiveCfg = Release|Win32
		{2CD3BB05-6622-4592-9B10-08296EB617A8}.Release|Win32.Build.0 = Release|Win32
		{2CD3BB05-6622-4592-9B10-08296EB617A8}.Release|x64.ActiveCfg = Release|x64
		{2CD3BB05-6622-4592-9B10-08296EB617A8}.Release|x64.Build.0 = Release|x64
		{75522368-AD32-4B66-AE32-F78D24B79229}.Debug|Win32.ActiveCfg = Debug|Win32
		{75522368-AD32-4B66-AE32-F78D24B79229}.Debug|Win32.Build.0 = Debug|Win32
		{75522368-AD32-4B66-AE32-F78D24B79229}.Debug|x64.ActiveCfg = Debug|x64
		{75522368-AD32-4B66-AE32-F78D24B79229}.Debug|x64.Build.0 = Debug|x64
		{75522368-AD32-4B66-AE32-F78D24B79229}.Release|Win32.ActiveCfg = Release|Win32
		{75522368-AD32-4B66-AE32-F78D24B79229}.Release|Win32.Build.0 = Release|Win32
		{75522368-AD32-4B66-AE32-F78D24B79229}.Release|x64.ActiveCfg = Release|x64
		{75522368-AD32-4B66-AE32-F78D24B79229}.Release|x64.Build.0 = Release|x64
		{B1BFCBCC-9B46-488B-94A0-0F972EAF238F}.Debug|Win32.ActiveCfg = Debug|Win32
		{B1BFCBCC-9B46-488B-94A0-0F972EAF238F}.Debug|Win32.Build.0 = Debug|Win32
		{B1BFCBCC-9B46-488B-94A0-0F972EAF238F}.Debug|x64.ActiveCfg = Debug|x64
		{B1BFCBCC-9B46-488B-94A0-0F972EAF238F}.Debug|x64.Build.0 = Debug|x64
		{B1BFCBCC-9B46-488B-94A0-0F972EAF238F}.Release|Win32.ActiveCfg = Release|Win32
		{B1BFCBCC-9B46-488B-94A0-0F972EAF238F}.Release|Win32.Build.0 = Release|Win32
		{B1BFCBCC-9B46-488B-94A0-0F972EAF238F}.Release|x64.ActiveCfg = Release|x64
		{B1BFCBCC-9B46-488B-94A0-0F972EAF238F}.Release|x64.Build.0 = Release|x64
	EndGlobalSection
	GlobalSection(SolutionProperties) = preSolution
		HideSolutionNode = FALSE
	EndGlobalSection
EndGlobal
